// !$*UTF8*$!
{
	archiveVersion = 1;
	classes = {
	};
	objectVersion = 50;
	objects = {

/* Begin PBXBuildFile section */
		63D3C00E22573836000334E7 /* AppDelegate.swift in Sources */ = {isa = PBXBuildFile; fileRef = 63D3C00D22573836000334E7 /* AppDelegate.swift */; };
		63D3C01022573836000334E7 /* ViewController.swift in Sources */ = {isa = PBXBuildFile; fileRef = 63D3C00F22573836000334E7 /* ViewController.swift */; };
		63D3C01322573836000334E7 /* Main.storyboard in Resources */ = {isa = PBXBuildFile; fileRef = 63D3C01122573836000334E7 /* Main.storyboard */; };
		63D3C01522573838000334E7 /* Assets.xcassets in Resources */ = {isa = PBXBuildFile; fileRef = 63D3C01422573838000334E7 /* Assets.xcassets */; };
		63D3C01822573838000334E7 /* LaunchScreen.storyboard in Resources */ = {isa = PBXBuildFile; fileRef = 63D3C01622573838000334E7 /* LaunchScreen.storyboard */; };
		63D3C02322573838000334E7 /* MA18ThreadsTests.swift in Sources */ = {isa = PBXBuildFile; fileRef = 63D3C02222573838000334E7 /* MA18ThreadsTests.swift */; };
		63D3C02E22573838000334E7 /* MA18ThreadsUITests.swift in Sources */ = {isa = PBXBuildFile; fileRef = 63D3C02D22573838000334E7 /* MA18ThreadsUITests.swift */; };
/* End PBXBuildFile section */

/* Begin PBXContainerItemProxy section */
		63D3C01F22573838000334E7 /* PBXContainerItemProxy */ = {
			isa = PBXContainerItemProxy;
			containerPortal = 63D3C00222573836000334E7 /* Project object */;
			proxyType = 1;
			remoteGlobalIDString = 63D3C00922573836000334E7;
			remoteInfo = MA18Threads;
		};
		63D3C02A22573838000334E7 /* PBXContainerItemProxy */ = {
			isa = PBXContainerItemProxy;
			containerPortal = 63D3C00222573836000334E7 /* Project object */;
			proxyType = 1;
			remoteGlobalIDString = 63D3C00922573836000334E7;
			remoteInfo = MA18Threads;
		};
/* End PBXContainerItemProxy section */

/* Begin PBXFileReference section */
		63D3C00A22573836000334E7 /* MA18Threads.app */ = {isa = PBXFileReference; explicitFileType = wrapper.application; includeInIndex = 0; path = MA18Threads.app; sourceTree = BUILT_PRODUCTS_DIR; };
		63D3C00D22573836000334E7 /* AppDelegate.swift */ = {isa = PBXFileReference; lastKnownFileType = sourcecode.swift; path = AppDelegate.swift; sourceTree = "<group>"; };
		63D3C00F22573836000334E7 /* ViewController.swift */ = {isa = PBXFileReference; lastKnownFileType = sourcecode.swift; path = ViewController.swift; sourceTree = "<group>"; };
		63D3C01222573836000334E7 /* Base */ = {isa = PBXFileReference; lastKnownFileType = file.storyboard; name = Base; path = Base.lproj/Main.storyboard; sourceTree = "<group>"; };
		63D3C01422573838000334E7 /* Assets.xcassets */ = {isa = PBXFileReference; lastKnownFileType = folder.assetcatalog; path = Assets.xcassets; sourceTree = "<group>"; };
		63D3C01722573838000334E7 /* Base */ = {isa = PBXFileReference; lastKnownFileType = file.storyboard; name = Base; path = Base.lproj/LaunchScreen.storyboard; sourceTree = "<group>"; };
		63D3C01922573838000334E7 /* Info.plist */ = {isa = PBXFileReference; lastKnownFileType = text.plist.xml; path = Info.plist; sourceTree = "<group>"; };
		63D3C01E22573838000334E7 /* MA18ThreadsTests.xctest */ = {isa = PBXFileReference; explicitFileType = wrapper.cfbundle; includeInIndex = 0; path = MA18ThreadsTests.xctest; sourceTree = BUILT_PRODUCTS_DIR; };
		63D3C02222573838000334E7 /* MA18ThreadsTests.swift */ = {isa = PBXFileReference; lastKnownFileType = sourcecode.swift; path = MA18ThreadsTests.swift; sourceTree = "<group>"; };
		63D3C02422573838000334E7 /* Info.plist */ = {isa = PBXFileReference; lastKnownFileType = text.plist.xml; path = Info.plist; sourceTree = "<group>"; };
		63D3C02922573838000334E7 /* MA18ThreadsUITests.xctest */ = {isa = PBXFileReference; explicitFileType = wrapper.cfbundle; includeInIndex = 0; path = MA18ThreadsUITests.xctest; sourceTree = BUILT_PRODUCTS_DIR; };
		63D3C02D22573838000334E7 /* MA18ThreadsUITests.swift */ = {isa = PBXFileReference; lastKnownFileType = sourcecode.swift; path = MA18ThreadsUITests.swift; sourceTree = "<group>"; };
		63D3C02F22573838000334E7 /* Info.plist */ = {isa = PBXFileReference; lastKnownFileType = text.plist.xml; path = Info.plist; sourceTree = "<group>"; };
/* End PBXFileReference section */

/* Begin PBXFrameworksBuildPhase section */
		63D3C00722573836000334E7 /* Frameworks */ = {
			isa = PBXFrameworksBuildPhase;
			buildActionMask = 2147483647;
			files = (
			);
			runOnlyForDeploymentPostprocessing = 0;
		};
		63D3C01B22573838000334E7 /* Frameworks */ = {
			isa = PBXFrameworksBuildPhase;
			buildActionMask = 2147483647;
			files = (
			);
			runOnlyForDeploymentPostprocessing = 0;
		};
		63D3C02622573838000334E7 /* Frameworks */ = {
			isa = PBXFrameworksBuildPhase;
			buildActionMask = 2147483647;
			files = (
			);
			runOnlyForDeploymentPostprocessing = 0;
		};
/* End PBXFrameworksBuildPhase section */

/* Begin PBXGroup section */
		63D3C00122573836000334E7 = {
			isa = PBXGroup;
			children = (
				63D3C00C22573836000334E7 /* MA18Threads */,
				63D3C02122573838000334E7 /* MA18ThreadsTests */,
				63D3C02C22573838000334E7 /* MA18ThreadsUITests */,
				63D3C00B22573836000334E7 /* Products */,
			);
			sourceTree = "<group>";
		};
		63D3C00B22573836000334E7 /* Products */ = {
			isa = PBXGroup;
			children = (
				63D3C00A22573836000334E7 /* MA18Threads.app */,
				63D3C01E22573838000334E7 /* MA18ThreadsTests.xctest */,
				63D3C02922573838000334E7 /* MA18ThreadsUITests.xctest */,
			);
			name = Products;
			sourceTree = "<group>";
		};
		63D3C00C22573836000334E7 /* MA18Threads */ = {
			isa = PBXGroup;
			children = (
				63D3C00D22573836000334E7 /* AppDelegate.swift */,
				63D3C00F22573836000334E7 /* ViewController.swift */,
				63D3C01122573836000334E7 /* Main.storyboard */,
				63D3C01422573838000334E7 /* Assets.xcassets */,
				63D3C01622573838000334E7 /* LaunchScreen.storyboard */,
				63D3C01922573838000334E7 /* Info.plist */,
			);
			path = MA18Threads;
			sourceTree = "<group>";
		};
		63D3C02122573838000334E7 /* MA18ThreadsTests */ = {
			isa = PBXGroup;
			children = (
				63D3C02222573838000334E7 /* MA18ThreadsTests.swift */,
				63D3C02422573838000334E7 /* Info.plist */,
			);
			path = MA18ThreadsTests;
			sourceTree = "<group>";
		};
		63D3C02C22573838000334E7 /* MA18ThreadsUITests */ = {
			isa = PBXGroup;
			children = (
				63D3C02D22573838000334E7 /* MA18ThreadsUITests.swift */,
				63D3C02F22573838000334E7 /* Info.plist */,
			);
			path = MA18ThreadsUITests;
			sourceTree = "<group>";
		};
/* End PBXGroup section */

/* Begin PBXNativeTarget section */
		63D3C00922573836000334E7 /* MA18Threads */ = {
			isa = PBXNativeTarget;
			buildConfigurationList = 63D3C03222573838000334E7 /* Build configuration list for PBXNativeTarget "MA18Threads" */;
			buildPhases = (
				63D3C00622573836000334E7 /* Sources */,
				63D3C00722573836000334E7 /* Frameworks */,
				63D3C00822573836000334E7 /* Resources */,
			);
			buildRules = (
			);
			dependencies = (
			);
			name = MA18Threads;
			productName = MA18Threads;
			productReference = 63D3C00A22573836000334E7 /* MA18Threads.app */;
			productType = "com.apple.product-type.application";
		};
		63D3C01D22573838000334E7 /* MA18ThreadsTests */ = {
			isa = PBXNativeTarget;
			buildConfigurationList = 63D3C03522573838000334E7 /* Build configuration list for PBXNativeTarget "MA18ThreadsTests" */;
			buildPhases = (
				63D3C01A22573838000334E7 /* Sources */,
				63D3C01B22573838000334E7 /* Frameworks */,
				63D3C01C22573838000334E7 /* Resources */,
			);
			buildRules = (
			);
			dependencies = (
				63D3C02022573838000334E7 /* PBXTargetDependency */,
			);
			name = MA18ThreadsTests;
			productName = MA18ThreadsTests;
			productReference = 63D3C01E22573838000334E7 /* MA18ThreadsTests.xctest */;
			productType = "com.apple.product-type.bundle.unit-test";
		};
		63D3C02822573838000334E7 /* MA18ThreadsUITests */ = {
			isa = PBXNativeTarget;
			buildConfigurationList = 63D3C03822573838000334E7 /* Build configuration list for PBXNativeTarget "MA18ThreadsUITests" */;
			buildPhases = (
				63D3C02522573838000334E7 /* Sources */,
				63D3C02622573838000334E7 /* Frameworks */,
				63D3C02722573838000334E7 /* Resources */,
			);
			buildRules = (
			);
			dependencies = (
				63D3C02B22573838000334E7 /* PBXTargetDependency */,
			);
			name = MA18ThreadsUITests;
			productName = MA18ThreadsUITests;
			productReference = 63D3C02922573838000334E7 /* MA18ThreadsUITests.xctest */;
			productType = "com.apple.product-type.bundle.ui-testing";
		};
/* End PBXNativeTarget section */

/* Begin PBXProject section */
		63D3C00222573836000334E7 /* Project object */ = {
			isa = PBXProject;
			attributes = {
				LastSwiftUpdateCheck = 1020;
				LastUpgradeCheck = 1020;
				ORGANIZATIONNAME = "David Svensson";
				TargetAttributes = {
					63D3C00922573836000334E7 = {
						CreatedOnToolsVersion = 10.2;
					};
					63D3C01D22573838000334E7 = {
						CreatedOnToolsVersion = 10.2;
						TestTargetID = 63D3C00922573836000334E7;
					};
					63D3C02822573838000334E7 = {
						CreatedOnToolsVersion = 10.2;
						TestTargetID = 63D3C00922573836000334E7;
					};
				};
			};
			buildConfigurationList = 63D3C00522573836000334E7 /* Build configuration list for PBXProject "MA18Threads" */;
			compatibilityVersion = "Xcode 9.3";
			developmentRegion = en;
			hasScannedForEncodings = 0;
			knownRegions = (
				en,
				Base,
			);
			mainGroup = 63D3C00122573836000334E7;
			productRefGroup = 63D3C00B22573836000334E7 /* Products */;
			projectDirPath = "";
			projectRoot = "";
			targets = (
				63D3C00922573836000334E7 /* MA18Threads */,
				63D3C01D22573838000334E7 /* MA18ThreadsTests */,
				63D3C02822573838000334E7 /* MA18ThreadsUITests */,
			);
		};
/* End PBXProject section */

/* Begin PBXResourcesBuildPhase section */
		63D3C00822573836000334E7 /* Resources */ = {
			isa = PBXResourcesBuildPhase;
			buildActionMask = 2147483647;
			files = (
				63D3C01822573838000334E7 /* LaunchScreen.storyboard in Resources */,
				63D3C01522573838000334E7 /* Assets.xcassets in Resources */,
				63D3C01322573836000334E7 /* Main.storyboard in Resources */,
			);
			runOnlyForDeploymentPostprocessing = 0;
		};
		63D3C01C22573838000334E7 /* Resources */ = {
			isa = PBXResourcesBuildPhase;
			buildActionMask = 2147483647;
			files = (
			);
			runOnlyForDeploymentPostprocessing = 0;
		};
		63D3C02722573838000334E7 /* Resources */ = {
			isa = PBXResourcesBuildPhase;
			buildActionMask = 2147483647;
			files = (
			);
			runOnlyForDeploymentPostprocessing = 0;
		};
/* End PBXResourcesBuildPhase section */

/* Begin PBXSourcesBuildPhase section */
		63D3C00622573836000334E7 /* Sources */ = {
			isa = PBXSourcesBuildPhase;
			buildActionMask = 2147483647;
			files = (
				63D3C01022573836000334E7 /* ViewController.swift in Sources */,
				63D3C00E22573836000334E7 /* AppDelegate.swift in Sources */,
			);
			runOnlyForDeploymentPostprocessing = 0;
		};
		63D3C01A22573838000334E7 /* Sources */ = {
			isa = PBXSourcesBuildPhase;
			buildActionMask = 2147483647;
			files = (
				63D3C02322573838000334E7 /* MA18ThreadsTests.swift in Sources */,
			);
			runOnlyForDeploymentPostprocessing = 0;
		};
		63D3C02522573838000334E7 /* Sources */ = {
			isa = PBXSourcesBuildPhase;
			buildActionMask = 2147483647;
			files = (
				63D3C02E22573838000334E7 /* MA18ThreadsUITests.swift in Sources */,
			);
			runOnlyForDeploymentPostprocessing = 0;
		};
/* End PBXSourcesBuildPhase section */

/* Begin PBXTargetDependency section */
		63D3C02022573838000334E7 /* PBXTargetDependency */ = {
			isa = PBXTargetDependency;
			target = 63D3C00922573836000334E7 /* MA18Threads */;
			targetProxy = 63D3C01F22573838000334E7 /* PBXContainerItemProxy */;
		};
		63D3C02B22573838000334E7 /* PBXTargetDependency */ = {
			isa = PBXTargetDependency;
			target = 63D3C00922573836000334E7 /* MA18Threads */;
			targetProxy = 63D3C02A22573838000334E7 /* PBXContainerItemProxy */;
		};
/* End PBXTargetDependency section */

/* Begin PBXVariantGroup section */
		63D3C01122573836000334E7 /* Main.storyboard */ = {
			isa = PBXVariantGroup;
			children = (
				63D3C01222573836000334E7 /* Base */,
			);
			name = Main.storyboard;
			sourceTree = "<group>";
		};
		63D3C01622573838000334E7 /* LaunchScreen.storyboard */ = {
			isa = PBXVariantGroup;
			children = (
				63D3C01722573838000334E7 /* Base */,
			);
			name = LaunchScreen.storyboard;
			sourceTree = "<group>";
		};
/* End PBXVariantGroup section */

/* Begin XCBuildConfiguration section */
		63D3C03022573838000334E7 /* Debug */ = {
			isa = XCBuildConfiguration;
			buildSettings = {
				ALWAYS_SEARCH_USER_PATHS = NO;
				CLANG_ANALYZER_NONNULL = YES;
				CLANG_ANALYZER_NUMBER_OBJECT_CONVERSION = YES_AGGRESSIVE;
				CLANG_CXX_LANGUAGE_STANDARD = "gnu++14";
				CLANG_CXX_LIBRARY = "libc++";
				CLANG_ENABLE_MODULES = YES;
				CLANG_ENABLE_OBJC_ARC = YES;
				CLANG_ENABLE_OBJC_WEAK = YES;
				CLANG_WARN_BLOCK_CAPTURE_AUTORELEASING = YES;
				CLANG_WARN_BOOL_CONVERSION = YES;
				CLANG_WARN_COMMA = YES;
				CLANG_WARN_CONSTANT_CONVERSION = YES;
				CLANG_WARN_DEPRECATED_OBJC_IMPLEMENTATIONS = YES;
				CLANG_WARN_DIRECT_OBJC_ISA_USAGE = YES_ERROR;
				CLANG_WARN_DOCUMENTATION_COMMENTS = YES;
				CLANG_WARN_EMPTY_BODY = YES;
				CLANG_WARN_ENUM_CONVERSION = YES;
				CLANG_WARN_INFINITE_RECURSION = YES;
				CLANG_WARN_INT_CONVERSION = YES;
				CLANG_WARN_NON_LITERAL_NULL_CONVERSION = YES;
				CLANG_WARN_OBJC_IMPLICIT_RETAIN_SELF = YES;
				CLANG_WARN_OBJC_LITERAL_CONVERSION = YES;
				CLANG_WARN_OBJC_ROOT_CLASS = YES_ERROR;
				CLANG_WARN_RANGE_LOOP_ANALYSIS = YES;
				CLANG_WARN_STRICT_PROTOTYPES = YES;
				CLANG_WARN_SUSPICIOUS_MOVE = YES;
				CLANG_WARN_UNGUARDED_AVAILABILITY = YES_AGGRESSIVE;
				CLANG_WARN_UNREACHABLE_CODE = YES;
				CLANG_WARN__DUPLICATE_METHOD_MATCH = YES;
				CODE_SIGN_IDENTITY = "iPhone Developer";
				COPY_PHASE_STRIP = NO;
				DEBUG_INFORMATION_FORMAT = dwarf;
				ENABLE_STRICT_OBJC_MSGSEND = YES;
				ENABLE_TESTABILITY = YES;
				GCC_C_LANGUAGE_STANDARD = gnu11;
				GCC_DYNAMIC_NO_PIC = NO;
				GCC_NO_COMMON_BLOCKS = YES;
				GCC_OPTIMIZATION_LEVEL = 0;
				GCC_PREPROCESSOR_DEFINITIONS = (
					"DEBUG=1",
					"$(inherited)",
				);
				GCC_WARN_64_TO_32_BIT_CONVERSION = YES;
				GCC_WARN_ABOUT_RETURN_TYPE = YES_ERROR;
				GCC_WARN_UNDECLARED_SELECTOR = YES;
				GCC_WARN_UNINITIALIZED_AUTOS = YES_AGGRESSIVE;
				GCC_WARN_UNUSED_FUNCTION = YES;
				GCC_WARN_UNUSED_VARIABLE = YES;
				IPHONEOS_DEPLOYMENT_TARGET = 12.2;
				MTL_ENABLE_DEBUG_INFO = INCLUDE_SOURCE;
				MTL_FAST_MATH = YES;
				ONLY_ACTIVE_ARCH = YES;
				SDKROOT = iphoneos;
				SWIFT_ACTIVE_COMPILATION_CONDITIONS = DEBUG;
				SWIFT_OPTIMIZATION_LEVEL = "-Onone";
			};
			name = Debug;
		};
		63D3C03122573838000334E7 /* Release */ = {
			isa = XCBuildConfiguration;
			buildSettings = {
				ALWAYS_SEARCH_USER_PATHS = NO;
				CLANG_ANALYZER_NONNULL = YES;
				CLANG_ANALYZER_NUMBER_OBJECT_CONVERSION = YES_AGGRESSIVE;
				CLANG_CXX_LANGUAGE_STANDARD = "gnu++14";
				CLANG_CXX_LIBRARY = "libc++";
				CLANG_ENABLE_MODULES = YES;
				CLANG_ENABLE_OBJC_ARC = YES;
				CLANG_ENABLE_OBJC_WEAK = YES;
				CLANG_WARN_BLOCK_CAPTURE_AUTORELEASING = YES;
				CLANG_WARN_BOOL_CONVERSION = YES;
				CLANG_WARN_COMMA = YES;
				CLANG_WARN_CONSTANT_CONVERSION = YES;
				CLANG_WARN_DEPRECATED_OBJC_IMPLEMENTATIONS = YES;
				CLANG_WARN_DIRECT_OBJC_ISA_USAGE = YES_ERROR;
				CLANG_WARN_DOCUMENTATION_COMMENTS = YES;
				CLANG_WARN_EMPTY_BODY = YES;
				CLANG_WARN_ENUM_CONVERSION = YES;
				CLANG_WARN_INFINITE_RECURSION = YES;
				CLANG_WARN_INT_CONVERSION = YES;
				CLANG_WARN_NON_LITERAL_NULL_CONVERSION = YES;
				CLANG_WARN_OBJC_IMPLICIT_RETAIN_SELF = YES;
				CLANG_WARN_OBJC_LITERAL_CONVERSION = YES;
				CLANG_WARN_OBJC_ROOT_CLASS = YES_ERROR;
				CLANG_WARN_RANGE_LOOP_ANALYSIS = YES;
				CLANG_WARN_STRICT_PROTOTYPES = YES;
				CLANG_WARN_SUSPICIOUS_MOVE = YES;
				CLANG_WARN_UNGUARDED_AVAILABILITY = YES_AGGRESSIVE;
				CLANG_WARN_UNREACHABLE_CODE = YES;
				CLANG_WARN__DUPLICATE_METHOD_MATCH = YES;
				CODE_SIGN_IDENTITY = "iPhone Developer";
				COPY_PHASE_STRIP = NO;
				DEBUG_INFORMATION_FORMAT = "dwarf-with-dsym";
				ENABLE_NS_ASSERTIONS = NO;
				ENABLE_STRICT_OBJC_MSGSEND = YES;
				GCC_C_LANGUAGE_STANDARD = gnu11;
				GCC_NO_COMMON_BLOCKS = YES;
				GCC_WARN_64_TO_32_BIT_CONVERSION = YES;
				GCC_WARN_ABOUT_RETURN_TYPE = YES_ERROR;
				GCC_WARN_UNDECLARED_SELECTOR = YES;
				GCC_WARN_UNINITIALIZED_AUTOS = YES_AGGRESSIVE;
				GCC_WARN_UNUSED_FUNCTION = YES;
				GCC_WARN_UNUSED_VARIABLE = YES;
				IPHONEOS_DEPLOYMENT_TARGET = 12.2;
				MTL_ENABLE_DEBUG_INFO = NO;
				MTL_FAST_MATH = YES;
				SDKROOT = iphoneos;
				SWIFT_COMPILATION_MODE = wholemodule;
				SWIFT_OPTIMIZATION_LEVEL = "-O";
				VALIDATE_PRODUCT = YES;
			};
			name = Release;
		};
		63D3C03322573838000334E7 /* Debug */ = {
			isa = XCBuildConfiguration;
			buildSettings = {
				ASSETCATALOG_COMPILER_APPICON_NAME = AppIcon;
				CODE_SIGN_STYLE = Automatic;
				INFOPLIST_FILE = MA18Threads/Info.plist;
				LD_RUNPATH_SEARCH_PATHS = (
					"$(inherited)",
					"@executable_path/Frameworks",
				);
				PRODUCT_BUNDLE_IDENTIFIER = com.example.MA18Threads;
				PRODUCT_NAME = "$(TARGET_NAME)";
				SWIFT_VERSION = 5.0;
				TARGETED_DEVICE_FAMILY = "1,2";
			};
			name = Debug;
		};
		63D3C03422573838000334E7 /* Release */ = {
			isa = XCBuildConfiguration;
			buildSettings = {
				ASSETCATALOG_COMPILER_APPICON_NAME = AppIcon;
				CODE_SIGN_STYLE = Automatic;
				INFOPLIST_FILE = MA18Threads/Info.plist;
				LD_RUNPATH_SEARCH_PATHS = (
					"$(inherited)",
					"@executable_path/Frameworks",
				);
				PRODUCT_BUNDLE_IDENTIFIER = com.example.MA18Threads;
				PRODUCT_NAME = "$(TARGET_NAME)";
				SWIFT_VERSION = 5.0;
				TARGETED_DEVICE_FAMILY = "1,2";
			};
			name = Release;
		};
		63D3C03622573838000334E7 /* Debug */ = {
			isa = XCBuildConfiguration;
			buildSettings = {
				ALWAYS_EMBED_SWIFT_STANDARD_LIBRARIES = YES;
				BUNDLE_LOADER = "$(TEST_HOST)";
				CODE_SIGN_STYLE = Automatic;
				INFOPLIST_FILE = MA18ThreadsTests/Info.plist;
				LD_RUNPATH_SEARCH_PATHS = (
					"$(inherited)",
					"@executable_path/Frameworks",
					"@loader_path/Frameworks",
				);
				PRODUCT_BUNDLE_IDENTIFIER = com.example.MA18ThreadsTests;
				PRODUCT_NAME = "$(TARGET_NAME)";
				SWIFT_VERSION = 5.0;
				TARGETED_DEVICE_FAMILY = "1,2";
				TEST_HOST = "$(BUILT_PRODUCTS_DIR)/MA18Threads.app/MA18Threads";
			};
			name = Debug;
		};
		63D3C03722573838000334E7 /* Release */ = {
			isa = XCBuildConfiguration;
			buildSettings = {
				ALWAYS_EMBED_SWIFT_STANDARD_LIBRARIES = YES;
				BUNDLE_LOADER = "$(TEST_HOST)";
				CODE_SIGN_STYLE = Automatic;
				INFOPLIST_FILE = MA18ThreadsTests/Info.plist;
				LD_RUNPATH_SEARCH_PATHS = (
					"$(inherited)",
					"@executable_path/Frameworks",
					"@loader_path/Frameworks",
				);
				PRODUCT_BUNDLE_IDENTIFIER = com.example.MA18ThreadsTests;
				PRODUCT_NAME = "$(TARGET_NAME)";
				SWIFT_VERSION = 5.0;
				TARGETED_DEVICE_FAMILY = "1,2";
				TEST_HOST = "$(BUILT_PRODUCTS_DIR)/MA18Threads.app/MA18Threads";
			};
			name = Release;
		};
		63D3C03922573838000334E7 /* Debug */ = {
			isa = XCBuildConfiguration;
			buildSettings = {
				ALWAYS_EMBED_SWIFT_STANDARD_LIBRARIES = YES;
				CODE_SIGN_STYLE = Automatic;
				INFOPLIST_FILE = MA18ThreadsUITests/Info.plist;
				LD_RUNPATH_SEARCH_PATHS = (
					"$(inherited)",
					"@executable_path/Frameworks",
					"@loader_path/Frameworks",
				);
				PRODUCT_BUNDLE_IDENTIFIER = com.example.MA18ThreadsUITests;
				PRODUCT_NAME = "$(TARGET_NAME)";
				SWIFT_VERSION = 5.0;
				TARGETED_DEVICE_FAMILY = "1,2";
				TEST_TARGET_NAME = MA18Threads;
			};
			name = Debug;
		};
		63D3C03A22573838000334E7 /* Release */ = {
			isa = XCBuildConfiguration;
			buildSettings = {
				ALWAYS_EMBED_SWIFT_STANDARD_LIBRARIES = YES;
				CODE_SIGN_STYLE = Automatic;
				INFOPLIST_FILE = MA18ThreadsUITests/Info.plist;
				LD_RUNPATH_SEARCH_PATHS = (
					"$(inherited)",
					"@executable_path/Frameworks",
					"@loader_path/Frameworks",
				);
				PRODUCT_BUNDLE_IDENTIFIER = com.example.MA18ThreadsUITests;
				PRODUCT_NAME = "$(TARGET_NAME)";
				SWIFT_VERSION = 5.0;
				TARGETED_DEVICE_FAMILY = "1,2";
				TEST_TARGET_NAME = MA18Threads;
			};
			name = Release;
		};
/* End XCBuildConfiguration section */

/* Begin XCConfigurationList section */
		63D3C00522573836000334E7 /* Build configuration list for PBXProject "MA18Threads" */ = {
			isa = XCConfigurationList;
			buildConfigurations = (
				63D3C03022573838000334E7 /* Debug */,
				63D3C03122573838000334E7 /* Release */,
			);
			defaultConfigurationIsVisible = 0;
			defaultConfigurationName = Release;
		};
		63D3C03222573838000334E7 /* Build configuration list for PBXNativeTarget "MA18Threads" */ = {
			isa = XCConfigurationList;
			buildConfigurations = (
				63D3C03322573838000334E7 /* Debug */,
				63D3C03422573838000334E7 /* Release */,
			);
			defaultConfigurationIsVisible = 0;
			defaultConfigurationName = Release;
		};
		63D3C03522573838000334E7 /* Build configuration list for PBXNativeTarget "MA18ThreadsTests" */ = {
			isa = XCConfigurationList;
			buildConfigurations = (
				63D3C03622573838000334E7 /* Debug */,
				63D3C03722573838000334E7 /* Release */,
			);
			defaultConfigurationIsVisible = 0;
			defaultConfigurationName = Release;
		};
		63D3C03822573838000334E7 /* Build configuration list for PBXNativeTarget "MA18ThreadsUITests" */ = {
			isa = XCConfigurationList;
			buildConfigurations = (
				63D3C03922573838000334E7 /* Debug */,
				63D3C03A22573838000334E7 /* Release */,
			);
			defaultConfigurationIsVisible = 0;
			defaultConfigurationName = Release;
		};
/* End XCConfigurationList section */
	};
	rootObject = 63D3C00222573836000334E7 /* Project object */;
}
